// !$*UTF8*$!
{
	archiveVersion = 1;
	classes = {
	};
	objectVersion = 50;
	objects = {

/* Begin PBXBuildFile section */
		A9F14B832184CE5100D131CF /* AppDelegate.swift in Sources */ = {isa = PBXBuildFile; fileRef = A9F14B822184CE5100D131CF /* AppDelegate.swift */; };
		A9F14B852184CE5100D131CF /* ViewController.swift in Sources */ = {isa = PBXBuildFile; fileRef = A9F14B842184CE5100D131CF /* ViewController.swift */; };
		A9F14B882184CE5100D131CF /* Main.storyboard in Resources */ = {isa = PBXBuildFile; fileRef = A9F14B862184CE5100D131CF /* Main.storyboard */; };
		A9F14B8A2184CE5400D131CF /* Assets.xcassets in Resources */ = {isa = PBXBuildFile; fileRef = A9F14B892184CE5400D131CF /* Assets.xcassets */; };
		A9F14B8D2184CE5400D131CF /* LaunchScreen.storyboard in Resources */ = {isa = PBXBuildFile; fileRef = A9F14B8B2184CE5400D131CF /* LaunchScreen.storyboard */; };
		A9F14B982184CE5400D131CF /* Lesson17Tests.swift in Sources */ = {isa = PBXBuildFile; fileRef = A9F14B972184CE5400D131CF /* Lesson17Tests.swift */; };
		A9F14BA32184CE5400D131CF /* Lesson17UITests.swift in Sources */ = {isa = PBXBuildFile; fileRef = A9F14BA22184CE5400D131CF /* Lesson17UITests.swift */; };
/* End PBXBuildFile section */

/* Begin PBXContainerItemProxy section */
		A9F14B942184CE5400D131CF /* PBXContainerItemProxy */ = {
			isa = PBXContainerItemProxy;
			containerPortal = A9F14B772184CE5100D131CF /* Project object */;
			proxyType = 1;
			remoteGlobalIDString = A9F14B7E2184CE5100D131CF;
			remoteInfo = Lesson17;
		};
		A9F14B9F2184CE5400D131CF /* PBXContainerItemProxy */ = {
			isa = PBXContainerItemProxy;
			containerPortal = A9F14B772184CE5100D131CF /* Project object */;
			proxyType = 1;
			remoteGlobalIDString = A9F14B7E2184CE5100D131CF;
			remoteInfo = Lesson17;
		};
/* End PBXContainerItemProxy section */

/* Begin PBXFileReference section */
		A9F14B7F2184CE5100D131CF /* Lesson17.app */ = {isa = PBXFileReference; explicitFileType = wrapper.application; includeInIndex = 0; path = Lesson17.app; sourceTree = BUILT_PRODUCTS_DIR; };
		A9F14B822184CE5100D131CF /* AppDelegate.swift */ = {isa = PBXFileReference; lastKnownFileType = sourcecode.swift; path = AppDelegate.swift; sourceTree = "<group>"; };
		A9F14B842184CE5100D131CF /* ViewController.swift */ = {isa = PBXFileReference; lastKnownFileType = sourcecode.swift; path = ViewController.swift; sourceTree = "<group>"; };
		A9F14B872184CE5100D131CF /* Base */ = {isa = PBXFileReference; lastKnownFileType = file.storyboard; name = Base; path = Base.lproj/Main.storyboard; sourceTree = "<group>"; };
		A9F14B892184CE5400D131CF /* Assets.xcassets */ = {isa = PBXFileReference; lastKnownFileType = folder.assetcatalog; path = Assets.xcassets; sourceTree = "<group>"; };
		A9F14B8C2184CE5400D131CF /* Base */ = {isa = PBXFileReference; lastKnownFileType = file.storyboard; name = Base; path = Base.lproj/LaunchScreen.storyboard; sourceTree = "<group>"; };
		A9F14B8E2184CE5400D131CF /* Info.plist */ = {isa = PBXFileReference; lastKnownFileType = text.plist.xml; path = Info.plist; sourceTree = "<group>"; };
		A9F14B932184CE5400D131CF /* Lesson17Tests.xctest */ = {isa = PBXFileReference; explicitFileType = wrapper.cfbundle; includeInIndex = 0; path = Lesson17Tests.xctest; sourceTree = BUILT_PRODUCTS_DIR; };
		A9F14B972184CE5400D131CF /* Lesson17Tests.swift */ = {isa = PBXFileReference; lastKnownFileType = sourcecode.swift; path = Lesson17Tests.swift; sourceTree = "<group>"; };
		A9F14B992184CE5400D131CF /* Info.plist */ = {isa = PBXFileReference; lastKnownFileType = text.plist.xml; path = Info.plist; sourceTree = "<group>"; };
		A9F14B9E2184CE5400D131CF /* Lesson17UITests.xctest */ = {isa = PBXFileReference; explicitFileType = wrapper.cfbundle; includeInIndex = 0; path = Lesson17UITests.xctest; sourceTree = BUILT_PRODUCTS_DIR; };
		A9F14BA22184CE5400D131CF /* Lesson17UITests.swift */ = {isa = PBXFileReference; lastKnownFileType = sourcecode.swift; path = Lesson17UITests.swift; sourceTree = "<group>"; };
		A9F14BA42184CE5400D131CF /* Info.plist */ = {isa = PBXFileReference; lastKnownFileType = text.plist.xml; path = Info.plist; sourceTree = "<group>"; };
/* End PBXFileReference section */

/* Begin PBXFrameworksBuildPhase section */
		A9F14B7C2184CE5100D131CF /* Frameworks */ = {
			isa = PBXFrameworksBuildPhase;
			buildActionMask = 2147483647;
			files = (
			);
			runOnlyForDeploymentPostprocessing = 0;
		};
		A9F14B902184CE5400D131CF /* Frameworks */ = {
			isa = PBXFrameworksBuildPhase;
			buildActionMask = 2147483647;
			files = (
			);
			runOnlyForDeploymentPostprocessing = 0;
		};
		A9F14B9B2184CE5400D131CF /* Frameworks */ = {
			isa = PBXFrameworksBuildPhase;
			buildActionMask = 2147483647;
			files = (
			);
			runOnlyForDeploymentPostprocessing = 0;
		};
/* End PBXFrameworksBuildPhase section */

/* Begin PBXGroup section */
		A9F14B762184CE5100D131CF = {
			isa = PBXGroup;
			children = (
				A9F14B812184CE5100D131CF /* Lesson17 */,
				A9F14B962184CE5400D131CF /* Lesson17Tests */,
				A9F14BA12184CE5400D131CF /* Lesson17UITests */,
				A9F14B802184CE5100D131CF /* Products */,
			);
			sourceTree = "<group>";
		};
		A9F14B802184CE5100D131CF /* Products */ = {
			isa = PBXGroup;
			children = (
				A9F14B7F2184CE5100D131CF /* Lesson17.app */,
				A9F14B932184CE5400D131CF /* Lesson17Tests.xctest */,
				A9F14B9E2184CE5400D131CF /* Lesson17UITests.xctest */,
			);
			name = Products;
			sourceTree = "<group>";
		};
		A9F14B812184CE5100D131CF /* Lesson17 */ = {
			isa = PBXGroup;
			children = (
				A9F14B822184CE5100D131CF /* AppDelegate.swift */,
				A9F14B842184CE5100D131CF /* ViewController.swift */,
				A9F14B862184CE5100D131CF /* Main.storyboard */,
				A9F14B892184CE5400D131CF /* Assets.xcassets */,
				A9F14B8B2184CE5400D131CF /* LaunchScreen.storyboard */,
				A9F14B8E2184CE5400D131CF /* Info.plist */,
			);
			path = Lesson17;
			sourceTree = "<group>";
		};
		A9F14B962184CE5400D131CF /* Lesson17Tests */ = {
			isa = PBXGroup;
			children = (
				A9F14B972184CE5400D131CF /* Lesson17Tests.swift */,
				A9F14B992184CE5400D131CF /* Info.plist */,
			);
			path = Lesson17Tests;
			sourceTree = "<group>";
		};
		A9F14BA12184CE5400D131CF /* Lesson17UITests */ = {
			isa = PBXGroup;
			children = (
				A9F14BA22184CE5400D131CF /* Lesson17UITests.swift */,
				A9F14BA42184CE5400D131CF /* Info.plist */,
			);
			path = Lesson17UITests;
			sourceTree = "<group>";
		};
/* End PBXGroup section */

/* Begin PBXNativeTarget section */
		A9F14B7E2184CE5100D131CF /* Lesson17 */ = {
			isa = PBXNativeTarget;
			buildConfigurationList = A9F14BA72184CE5400D131CF /* Build configuration list for PBXNativeTarget "Lesson17" */;
			buildPhases = (
				A9F14B7B2184CE5100D131CF /* Sources */,
				A9F14B7C2184CE5100D131CF /* Frameworks */,
				A9F14B7D2184CE5100D131CF /* Resources */,
			);
			buildRules = (
			);
			dependencies = (
			);
			name = Lesson17;
			productName = Lesson17;
			productReference = A9F14B7F2184CE5100D131CF /* Lesson17.app */;
			productType = "com.apple.product-type.application";
		};
		A9F14B922184CE5400D131CF /* Lesson17Tests */ = {
			isa = PBXNativeTarget;
			buildConfigurationList = A9F14BAA2184CE5400D131CF /* Build configuration list for PBXNativeTarget "Lesson17Tests" */;
			buildPhases = (
				A9F14B8F2184CE5400D131CF /* Sources */,
				A9F14B902184CE5400D131CF /* Frameworks */,
				A9F14B912184CE5400D131CF /* Resources */,
			);
			buildRules = (
			);
			dependencies = (
				A9F14B952184CE5400D131CF /* PBXTargetDependency */,
			);
			name = Lesson17Tests;
			productName = Lesson17Tests;
			productReference = A9F14B932184CE5400D131CF /* Lesson17Tests.xctest */;
			productType = "com.apple.product-type.bundle.unit-test";
		};
		A9F14B9D2184CE5400D131CF /* Lesson17UITests */ = {
			isa = PBXNativeTarget;
			buildConfigurationList = A9F14BAD2184CE5400D131CF /* Build configuration list for PBXNativeTarget "Lesson17UITests" */;
			buildPhases = (
				A9F14B9A2184CE5400D131CF /* Sources */,
				A9F14B9B2184CE5400D131CF /* Frameworks */,
				A9F14B9C2184CE5400D131CF /* Resources */,
			);
			buildRules = (
			);
			dependencies = (
				A9F14BA02184CE5400D131CF /* PBXTargetDependency */,
			);
			name = Lesson17UITests;
			productName = Lesson17UITests;
			productReference = A9F14B9E2184CE5400D131CF /* Lesson17UITests.xctest */;
			productType = "com.apple.product-type.bundle.ui-testing";
		};
/* End PBXNativeTarget section */

/* Begin PBXProject section */
		A9F14B772184CE5100D131CF /* Project object */ = {
			isa = PBXProject;
			attributes = {
				LastSwiftUpdateCheck = 1000;
				LastUpgradeCheck = 1000;
				ORGANIZATIONNAME = "wil blake";
				TargetAttributes = {
					A9F14B7E2184CE5100D131CF = {
						CreatedOnToolsVersion = 10.0;
					};
					A9F14B922184CE5400D131CF = {
						CreatedOnToolsVersion = 10.0;
						TestTargetID = A9F14B7E2184CE5100D131CF;
					};
					A9F14B9D2184CE5400D131CF = {
						CreatedOnToolsVersion = 10.0;
						TestTargetID = A9F14B7E2184CE5100D131CF;
					};
				};
			};
			buildConfigurationList = A9F14B7A2184CE5100D131CF /* Build configuration list for PBXProject "Lesson17" */;
			compatibilityVersion = "Xcode 9.3";
			developmentRegion = en;
			hasScannedForEncodings = 0;
			knownRegions = (
				en,
				Base,
			);
			mainGroup = A9F14B762184CE5100D131CF;
			productRefGroup = A9F14B802184CE5100D131CF /* Products */;
			projectDirPath = "";
			projectRoot = "";
			targets = (
				A9F14B7E2184CE5100D131CF /* Lesson17 */,
				A9F14B922184CE5400D131CF /* Lesson17Tests */,
				A9F14B9D2184CE5400D131CF /* Lesson17UITests */,
			);
		};
/* End PBXProject section */

/* Begin PBXResourcesBuildPhase section */
		A9F14B7D2184CE5100D131CF /* Resources */ = {
			isa = PBXResourcesBuildPhase;
			buildActionMask = 2147483647;
			files = (
				A9F14B8D2184CE5400D131CF /* LaunchScreen.storyboard in Resources */,
				A9F14B8A2184CE5400D131CF /* Assets.xcassets in Resources */,
				A9F14B882184CE5100D131CF /* Main.storyboard in Resources */,
			);
			runOnlyForDeploymentPostprocessing = 0;
		};
		A9F14B912184CE5400D131CF /* Resources */ = {
			isa = PBXResourcesBuildPhase;
			buildActionMask = 2147483647;
			files = (
			);
			runOnlyForDeploymentPostprocessing = 0;
		};
		A9F14B9C2184CE5400D131CF /* Resources */ = {
			isa = PBXResourcesBuildPhase;
			buildActionMask = 2147483647;
			files = (
			);
			runOnlyForDeploymentPostprocessing = 0;
		};
/* End PBXResourcesBuildPhase section */

/* Begin PBXSourcesBuildPhase section */
		A9F14B7B2184CE5100D131CF /* Sources */ = {
			isa = PBXSourcesBuildPhase;
			buildActionMask = 2147483647;
			files = (
				A9F14B852184CE5100D131CF /* ViewController.swift in Sources */,
				A9F14B832184CE5100D131CF /* AppDelegate.swift in Sources */,
			);
			runOnlyForDeploymentPostprocessing = 0;
		};
		A9F14B8F2184CE5400D131CF /* Sources */ = {
			isa = PBXSourcesBuildPhase;
			buildActionMask = 2147483647;
			files = (
				A9F14B982184CE5400D131CF /* Lesson17Tests.swift in Sources */,
			);
			runOnlyForDeploymentPostprocessing = 0;
		};
		A9F14B9A2184CE5400D131CF /* Sources */ = {
			isa = PBXSourcesBuildPhase;
			buildActionMask = 2147483647;
			files = (
				A9F14BA32184CE5400D131CF /* Lesson17UITests.swift in Sources */,
			);
			runOnlyForDeploymentPostprocessing = 0;
		};
/* End PBXSourcesBuildPhase section */

/* Begin PBXTargetDependency section */
		A9F14B952184CE5400D131CF /* PBXTargetDependency */ = {
			isa = PBXTargetDependency;
			target = A9F14B7E2184CE5100D131CF /* Lesson17 */;
			targetProxy = A9F14B942184CE5400D131CF /* PBXContainerItemProxy */;
		};
		A9F14BA02184CE5400D131CF /* PBXTargetDependency */ = {
			isa = PBXTargetDependency;
			target = A9F14B7E2184CE5100D131CF /* Lesson17 */;
			targetProxy = A9F14B9F2184CE5400D131CF /* PBXContainerItemProxy */;
		};
/* End PBXTargetDependency section */

/* Begin PBXVariantGroup section */
		A9F14B862184CE5100D131CF /* Main.storyboard */ = {
			isa = PBXVariantGroup;
			children = (
				A9F14B872184CE5100D131CF /* Base */,
			);
			name = Main.storyboard;
			sourceTree = "<group>";
		};
		A9F14B8B2184CE5400D131CF /* LaunchScreen.storyboard */ = {
			isa = PBXVariantGroup;
			children = (
				A9F14B8C2184CE5400D131CF /* Base */,
			);
			name = LaunchScreen.storyboard;
			sourceTree = "<group>";
		};
/* End PBXVariantGroup section */

/* Begin XCBuildConfiguration section */
		A9F14BA52184CE5400D131CF /* Debug */ = {
			isa = XCBuildConfiguration;
			buildSettings = {
				ALWAYS_SEARCH_USER_PATHS = NO;
				CLANG_ANALYZER_NONNULL = YES;
				CLANG_ANALYZER_NUMBER_OBJECT_CONVERSION = YES_AGGRESSIVE;
				CLANG_CXX_LANGUAGE_STANDARD = "gnu++14";
				CLANG_CXX_LIBRARY = "libc++";
				CLANG_ENABLE_MODULES = YES;
				CLANG_ENABLE_OBJC_ARC = YES;
				CLANG_ENABLE_OBJC_WEAK = YES;
				CLANG_WARN_BLOCK_CAPTURE_AUTORELEASING = YES;
				CLANG_WARN_BOOL_CONVERSION = YES;
				CLANG_WARN_COMMA = YES;
				CLANG_WARN_CONSTANT_CONVERSION = YES;
				CLANG_WARN_DEPRECATED_OBJC_IMPLEMENTATIONS = YES;
				CLANG_WARN_DIRECT_OBJC_ISA_USAGE = YES_ERROR;
				CLANG_WARN_DOCUMENTATION_COMMENTS = YES;
				CLANG_WARN_EMPTY_BODY = YES;
				CLANG_WARN_ENUM_CONVERSION = YES;
				CLANG_WARN_INFINITE_RECURSION = YES;
				CLANG_WARN_INT_CONVERSION = YES;
				CLANG_WARN_NON_LITERAL_NULL_CONVERSION = YES;
				CLANG_WARN_OBJC_IMPLICIT_RETAIN_SELF = YES;
				CLANG_WARN_OBJC_LITERAL_CONVERSION = YES;
				CLANG_WARN_OBJC_ROOT_CLASS = YES_ERROR;
				CLANG_WARN_RANGE_LOOP_ANALYSIS = YES;
				CLANG_WARN_STRICT_PROTOTYPES = YES;
				CLANG_WARN_SUSPICIOUS_MOVE = YES;
				CLANG_WARN_UNGUARDED_AVAILABILITY = YES_AGGRESSIVE;
				CLANG_WARN_UNREACHABLE_CODE = YES;
				CLANG_WARN__DUPLICATE_METHOD_MATCH = YES;
				CODE_SIGN_IDENTITY = "iPhone Developer";
				COPY_PHASE_STRIP = NO;
				DEBUG_INFORMATION_FORMAT = dwarf;
				ENABLE_STRICT_OBJC_MSGSEND = YES;
				ENABLE_TESTABILITY = YES;
				GCC_C_LANGUAGE_STANDARD = gnu11;
				GCC_DYNAMIC_NO_PIC = NO;
				GCC_NO_COMMON_BLOCKS = YES;
				GCC_OPTIMIZATION_LEVEL = 0;
				GCC_PREPROCESSOR_DEFINITIONS = (
					"DEBUG=1",
					"$(inherited)",
				);
				GCC_WARN_64_TO_32_BIT_CONVERSION = YES;
				GCC_WARN_ABOUT_RETURN_TYPE = YES_ERROR;
				GCC_WARN_UNDECLARED_SELECTOR = YES;
				GCC_WARN_UNINITIALIZED_AUTOS = YES_AGGRESSIVE;
				GCC_WARN_UNUSED_FUNCTION = YES;
				GCC_WARN_UNUSED_VARIABLE = YES;
				IPHONEOS_DEPLOYMENT_TARGET = 12.0;
				MTL_ENABLE_DEBUG_INFO = INCLUDE_SOURCE;
				MTL_FAST_MATH = YES;
				ONLY_ACTIVE_ARCH = YES;
				SDKROOT = iphoneos;
				SWIFT_ACTIVE_COMPILATION_CONDITIONS = DEBUG;
				SWIFT_OPTIMIZATION_LEVEL = "-Onone";
			};
			name = Debug;
		};
		A9F14BA62184CE5400D131CF /* Release */ = {
			isa = XCBuildConfiguration;
			buildSettings = {
				ALWAYS_SEARCH_USER_PATHS = NO;
				CLANG_ANALYZER_NONNULL = YES;
				CLANG_ANALYZER_NUMBER_OBJECT_CONVERSION = YES_AGGRESSIVE;
				CLANG_CXX_LANGUAGE_STANDARD = "gnu++14";
				CLANG_CXX_LIBRARY = "libc++";
				CLANG_ENABLE_MODULES = YES;
				CLANG_ENABLE_OBJC_ARC = YES;
				CLANG_ENABLE_OBJC_WEAK = YES;
				CLANG_WARN_BLOCK_CAPTURE_AUTORELEASING = YES;
				CLANG_WARN_BOOL_CONVERSION = YES;
				CLANG_WARN_COMMA = YES;
				CLANG_WARN_CONSTANT_CONVERSION = YES;
				CLANG_WARN_DEPRECATED_OBJC_IMPLEMENTATIONS = YES;
				CLANG_WARN_DIRECT_OBJC_ISA_USAGE = YES_ERROR;
				CLANG_WARN_DOCUMENTATION_COMMENTS = YES;
				CLANG_WARN_EMPTY_BODY = YES;
				CLANG_WARN_ENUM_CONVERSION = YES;
				CLANG_WARN_INFINITE_RECURSION = YES;
				CLANG_WARN_INT_CONVERSION = YES;
				CLANG_WARN_NON_LITERAL_NULL_CONVERSION = YES;
				CLANG_WARN_OBJC_IMPLICIT_RETAIN_SELF = YES;
				CLANG_WARN_OBJC_LITERAL_CONVERSION = YES;
				CLANG_WARN_OBJC_ROOT_CLASS = YES_ERROR;
				CLANG_WARN_RANGE_LOOP_ANALYSIS = YES;
				CLANG_WARN_STRICT_PROTOTYPES = YES;
				CLANG_WARN_SUSPICIOUS_MOVE = YES;
				CLANG_WARN_UNGUARDED_AVAILABILITY = YES_AGGRESSIVE;
				CLANG_WARN_UNREACHABLE_CODE = YES;
				CLANG_WARN__DUPLICATE_METHOD_MATCH = YES;
				CODE_SIGN_IDENTITY = "iPhone Developer";
				COPY_PHASE_STRIP = NO;
				DEBUG_INFORMATION_FORMAT = "dwarf-with-dsym";
				ENABLE_NS_ASSERTIONS = NO;
				ENABLE_STRICT_OBJC_MSGSEND = YES;
				GCC_C_LANGUAGE_STANDARD = gnu11;
				GCC_NO_COMMON_BLOCKS = YES;
				GCC_WARN_64_TO_32_BIT_CONVERSION = YES;
				GCC_WARN_ABOUT_RETURN_TYPE = YES_ERROR;
				GCC_WARN_UNDECLARED_SELECTOR = YES;
				GCC_WARN_UNINITIALIZED_AUTOS = YES_AGGRESSIVE;
				GCC_WARN_UNUSED_FUNCTION = YES;
				GCC_WARN_UNUSED_VARIABLE = YES;
				IPHONEOS_DEPLOYMENT_TARGET = 12.0;
				MTL_ENABLE_DEBUG_INFO = NO;
				MTL_FAST_MATH = YES;
				SDKROOT = iphoneos;
				SWIFT_COMPILATION_MODE = wholemodule;
				SWIFT_OPTIMIZATION_LEVEL = "-O";
				VALIDATE_PRODUCT = YES;
			};
			name = Release;
		};
		A9F14BA82184CE5400D131CF /* Debug */ = {
			isa = XCBuildConfiguration;
			buildSettings = {
				ASSETCATALOG_COMPILER_APPICON_NAME = AppIcon;
				CODE_SIGN_STYLE = Automatic;
				INFOPLIST_FILE = Lesson17/Info.plist;
				LD_RUNPATH_SEARCH_PATHS = (
					"$(inherited)",
					"@executable_path/Frameworks",
				);
				PRODUCT_BUNDLE_IDENTIFIER = "MC-Student.Lesson17";
				PRODUCT_NAME = "$(TARGET_NAME)";
				SWIFT_VERSION = 4.2;
				TARGETED_DEVICE_FAMILY = "1,2";
			};
			name = Debug;
		};
		A9F14BA92184CE5400D131CF /* Release */ = {
			isa = XCBuildConfiguration;
			buildSettings = {
				ASSETCATALOG_COMPILER_APPICON_NAME = AppIcon;
				CODE_SIGN_STYLE = Automatic;
				INFOPLIST_FILE = Lesson17/Info.plist;
				LD_RUNPATH_SEARCH_PATHS = (
					"$(inherited)",
					"@executable_path/Frameworks",
				);
				PRODUCT_BUNDLE_IDENTIFIER = "MC-Student.Lesson17";
				PRODUCT_NAME = "$(TARGET_NAME)";
				SWIFT_VERSION = 4.2;
				TARGETED_DEVICE_FAMILY = "1,2";
			};
			name = Release;
		};
		A9F14BAB2184CE5400D131CF /* Debug */ = {
			isa = XCBuildConfiguration;
			buildSettings = {
				ALWAYS_EMBED_SWIFT_STANDARD_LIBRARIES = YES;
				BUNDLE_LOADER = "$(TEST_HOST)";
				CODE_SIGN_STYLE = Automatic;
				INFOPLIST_FILE = Lesson17Tests/Info.plist;
				LD_RUNPATH_SEARCH_PATHS = (
					"$(inherited)",
					"@executable_path/Frameworks",
					"@loader_path/Frameworks",
				);
				PRODUCT_BUNDLE_IDENTIFIER = "MC-Student.Lesson17Tests";
				PRODUCT_NAME = "$(TARGET_NAME)";
				SWIFT_VERSION = 4.2;
				TARGETED_DEVICE_FAMILY = "1,2";
				TEST_HOST = "$(BUILT_PRODUCTS_DIR)/Lesson17.app/Lesson17";
			};
			name = Debug;
		};
		A9F14BAC2184CE5400D131CF /* Release */ = {
			isa = XCBuildConfiguration;
			buildSettings = {
				ALWAYS_EMBED_SWIFT_STANDARD_LIBRARIES = YES;
				BUNDLE_LOADER = "$(TEST_HOST)";
				CODE_SIGN_STYLE = Automatic;
				INFOPLIST_FILE = Lesson17Tests/Info.plist;
				LD_RUNPATH_SEARCH_PATHS = (
					"$(inherited)",
					"@executable_path/Frameworks",
					"@loader_path/Frameworks",
				);
				PRODUCT_BUNDLE_IDENTIFIER = "MC-Student.Lesson17Tests";
				PRODUCT_NAME = "$(TARGET_NAME)";
				SWIFT_VERSION = 4.2;
				TARGETED_DEVICE_FAMILY = "1,2";
				TEST_HOST = "$(BUILT_PRODUCTS_DIR)/Lesson17.app/Lesson17";
			};
			name = Release;
		};
		A9F14BAE2184CE5400D131CF /* Debug */ = {
			isa = XCBuildConfiguration;
			buildSettings = {
				ALWAYS_EMBED_SWIFT_STANDARD_LIBRARIES = YES;
				CODE_SIGN_STYLE = Automatic;
				INFOPLIST_FILE = Lesson17UITests/Info.plist;
				LD_RUNPATH_SEARCH_PATHS = (
					"$(inherited)",
					"@executable_path/Frameworks",
					"@loader_path/Frameworks",
				);
				PRODUCT_BUNDLE_IDENTIFIER = "MC-Student.Lesson17UITests";
				PRODUCT_NAME = "$(TARGET_NAME)";
				SWIFT_VERSION = 4.2;
				TARGETED_DEVICE_FAMILY = "1,2";
				TEST_TARGET_NAME = Lesson17;
			};
			name = Debug;
		};
		A9F14BAF2184CE5400D131CF /* Release */ = {
			isa = XCBuildConfiguration;
			buildSettings = {
				ALWAYS_EMBED_SWIFT_STANDARD_LIBRARIES = YES;
				CODE_SIGN_STYLE = Automatic;
				INFOPLIST_FILE = Lesson17UITests/Info.plist;
				LD_RUNPATH_SEARCH_PATHS = (
					"$(inherited)",
					"@executable_path/Frameworks",
					"@loader_path/Frameworks",
				);
				PRODUCT_BUNDLE_IDENTIFIER = "MC-Student.Lesson17UITests";
				PRODUCT_NAME = "$(TARGET_NAME)";
				SWIFT_VERSION = 4.2;
				TARGETED_DEVICE_FAMILY = "1,2";
				TEST_TARGET_NAME = Lesson17;
			};
			name = Release;
		};
/* End XCBuildConfiguration section */

/* Begin XCConfigurationList section */
		A9F14B7A2184CE5100D131CF /* Build configuration list for PBXProject "Lesson17" */ = {
			isa = XCConfigurationList;
			buildConfigurations = (
				A9F14BA52184CE5400D131CF /* Debug */,
				A9F14BA62184CE5400D131CF /* Release */,
			);
			defaultConfigurationIsVisible = 0;
			defaultConfigurationName = Release;
		};
		A9F14BA72184CE5400D131CF /* Build configuration list for PBXNativeTarget "Lesson17" */ = {
			isa = XCConfigurationList;
			buildConfigurations = (
				A9F14BA82184CE5400D131CF /* Debug */,
				A9F14BA92184CE5400D131CF /* Release */,
			);
			defaultConfigurationIsVisible = 0;
			defaultConfigurationName = Release;
		};
		A9F14BAA2184CE5400D131CF /* Build configuration list for PBXNativeTarget "Lesson17Tests" */ = {
			isa = XCConfigurationList;
			buildConfigurations = (
				A9F14BAB2184CE5400D131CF /* Debug */,
				A9F14BAC2184CE5400D131CF /* Release */,
			);
			defaultConfigurationIsVisible = 0;
			defaultConfigurationName = Release;
		};
		A9F14BAD2184CE5400D131CF /* Build configuration list for PBXNativeTarget "Lesson17UITests" */ = {
			isa = XCConfigurationList;
			buildConfigurations = (
				A9F14BAE2184CE5400D131CF /* Debug */,
				A9F14BAF2184CE5400D131CF /* Release */,
			);
			defaultConfigurationIsVisible = 0;
			defaultConfigurationName = Release;
		};
/* End XCConfigurationList section */
	};
	rootObject = A9F14B772184CE5100D131CF /* Project object */;
}
